
Microsoft Visual Studio Solution File, Format Version 12.00
# Visual Studio Version 16
VisualStudioVersion = 16.0.29409.12
MinimumVisualStudioVersion = 10.0.40219.1
Project("{FAE04EC0-301F-11D3-BF4B-00C04F79EFBC}") = "PurchaSaler", "PurchaSaler\PurchaSaler.csproj", "{9FC9EDD9-E9A3-4649-A193-742890B6F084}"
EndProject
Project("{FAE04EC0-301F-11D3-BF4B-00C04F79EFBC}") = "BLL", "BLL\BLL.csproj", "{23182681-D632-44D7-96A4-936095A842BE}"
EndProject
Project("{FAE04EC0-301F-11D3-BF4B-00C04F79EFBC}") = "DAL", "DAL\DAL.csproj", "{0A7A3530-99F7-4DB1-80C4-1583ED68AB24}"
EndProject
Project("{FAE04EC0-301F-11D3-BF4B-00C04F79EFBC}") = "IDAL", "IDAL\IDAL.csproj", "{993177DE-FC72-4545-9588-778C11EB1A4B}"
EndProject
Project("{FAE04EC0-301F-11D3-BF4B-00C04F79EFBC}") = "DALFactory", "DALFactory\DALFactory.csproj", "{97176812-FDCA-4D3F-8363-C8EC297CB7E5}"
EndProject
Project("{FAE04EC0-301F-11D3-BF4B-00C04F79EFBC}") = "Models", "Models\Models.csproj", "{B83A2A08-79AE-4843-99C1-1EC742CBD8A1}"
EndProject
Global
	GlobalSection(SolutionConfigurationPlatforms) = preSolution
		Debug|Any CPU = Debug|Any CPU
		Release|Any CPU = Release|Any CPU
	EndGlobalSection
	GlobalSection(ProjectConfigurationPlatforms) = postSolution
		{9FC9EDD9-E9A3-4649-A193-742890B6F084}.Debug|Any CPU.ActiveCfg = Debug|Any CPU
		{9FC9EDD9-E9A3-4649-A193-742890B6F084}.Debug|Any CPU.Build.0 = Debug|Any CPU
		{9FC9EDD9-E9A3-4649-A193-742890B6F084}.Release|Any CPU.ActiveCfg = Release|Any CPU
		{9FC9EDD9-E9A3-4649-A193-742890B6F084}.Release|Any CPU.Build.0 = Release|Any CPU
		{23182681-D632-44D7-96A4-936095A842BE}.Debug|Any CPU.ActiveCfg = Debug|Any CPU
		{23182681-D632-44D7-96A4-936095A842BE}.Debug|Any CPU.Build.0 = Debug|Any CPU
		{23182681-D632-44D7-96A4-936095A842BE}.Release|Any CPU.ActiveCfg = Release|Any CPU
		{23182681-D632-44D7-96A4-936095A842BE}.Release|Any CPU.Build.0 = Release|Any CPU
		{0A7A3530-99F7-4DB1-80C4-1583ED68AB24}.Debug|Any CPU.ActiveCfg = Debug|Any CPU
		{0A7A3530-99F7-4DB1-80C4-1583ED68AB24}.Debug|Any CPU.Build.0 = Debug|Any CPU
		{0A7A3530-99F7-4DB1-80C4-1583ED68AB24}.Release|Any CPU.ActiveCfg = Release|Any CPU
		{0A7A3530-99F7-4DB1-80C4-1583ED68AB24}.Release|Any CPU.Build.0 = Release|Any CPU
		{993177DE-FC72-4545-9588-778C11EB1A4B}.Debug|Any CPU.ActiveCfg = Debug|Any CPU
		{993177DE-FC72-4545-9588-778C11EB1A4B}.Debug|Any CPU.Build.0 = Debug|Any CPU
		{993177DE-FC72-4545-9588-778C11EB1A4B}.Release|Any CPU.ActiveCfg = Release|Any CPU
		{993177DE-FC72-4545-9588-778C11EB1A4B}.Release|Any CPU.Build.0 = Release|Any CPU
		{97176812-FDCA-4D3F-8363-C8EC297CB7E5}.Debug|Any CPU.ActiveCfg = Debug|Any CPU
		{97176812-FDCA-4D3F-8363-C8EC297CB7E5}.Debug|Any CPU.Build.0 = Debug|Any CPU
		{97176812-FDCA-4D3F-8363-C8EC297CB7E5}.Release|Any CPU.ActiveCfg = Release|Any CPU
		{97176812-FDCA-4D3F-8363-C8EC297CB7E5}.Release|Any CPU.Build.0 = Release|Any CPU
		{B83A2A08-79AE-4843-99C1-1EC742CBD8A1}.Debug|Any CPU.ActiveCfg = Debug|Any CPU
		{B83A2A08-79AE-4843-99C1-1EC742CBD8A1}.Debug|Any CPU.Build.0 = Debug|Any CPU
		{B83A2A08-79AE-4843-99C1-1EC742CBD8A1}.Release|Any CPU.ActiveCfg = Release|Any CPU
		{B83A2A08-79AE-4843-99C1-1EC742CBD8A1}.Release|Any CPU.Build.0 = Release|Any CPU
	EndGlobalSection
	GlobalSection(SolutionProperties) = preSolution
		HideSolutionNode = FALSE
	EndGlobalSection
	GlobalSection(ExtensibilityGlobals) = postSolution
		SolutionGuid = {A9B00047-23CF-4A8C-8063-856F7F46D143}
	EndGlobalSection
EndGlobal
